// !$*UTF8*$!
{
	archiveVersion = 1;
	classes = {
	};
	objectVersion = 55;
	objects = {

/* Begin PBXBuildFile section */
		9F07DEF9279635FA00B8B10A /* GoogleService-Info.plist in Resources */ = {isa = PBXBuildFile; fileRef = 9F07DEF8279635FA00B8B10A /* GoogleService-Info.plist */; };
		9F07DEFB27965F2E00B8B10A /* MyApp in Frameworks */ = {isa = PBXBuildFile; productRef = 9F07DEFA27965F2E00B8B10A /* MyApp */; };
		9FBA60A62795B0D700B5A7D7 /* Assets.xcassets in Resources */ = {isa = PBXBuildFile; fileRef = 9FBA60A52795B0D700B5A7D7 /* Assets.xcassets */; };
/* End PBXBuildFile section */

/* Begin PBXContainerItemProxy section */
		9FBA60AF2795B0D700B5A7D7 /* PBXContainerItemProxy */ = {
			isa = PBXContainerItemProxy;
			containerPortal = 9FBA60962795B0D600B5A7D7 /* Project object */;
			proxyType = 1;
			remoteGlobalIDString = 9FBA609D2795B0D600B5A7D7;
			remoteInfo = Staging;
		};
		9FBA60B92795B0D700B5A7D7 /* PBXContainerItemProxy */ = {
			isa = PBXContainerItemProxy;
			containerPortal = 9FBA60962795B0D600B5A7D7 /* Project object */;
			proxyType = 1;
			remoteGlobalIDString = 9FBA609D2795B0D600B5A7D7;
			remoteInfo = Staging;
		};
/* End PBXContainerItemProxy section */

/* Begin PBXFileReference section */
		9F07DEF8279635FA00B8B10A /* GoogleService-Info.plist */ = {isa = PBXFileReference; fileEncoding = 4; lastKnownFileType = text.plist.xml; path = "GoogleService-Info.plist"; sourceTree = "<group>"; };
		9FBA609E2795B0D600B5A7D7 /* Staging.app */ = {isa = PBXFileReference; explicitFileType = wrapper.application; includeInIndex = 0; path = Staging.app; sourceTree = BUILT_PRODUCTS_DIR; };
		9FBA60A52795B0D700B5A7D7 /* Assets.xcassets */ = {isa = PBXFileReference; lastKnownFileType = folder.assetcatalog; name = Assets.xcassets; path = ../../../Sources/Assets.xcassets; sourceTree = "<group>"; };
		9FBA60AE2795B0D700B5A7D7 /* StagingTests.xctest */ = {isa = PBXFileReference; explicitFileType = wrapper.cfbundle; includeInIndex = 0; path = StagingTests.xctest; sourceTree = BUILT_PRODUCTS_DIR; };
		9FBA60B82795B0D700B5A7D7 /* StagingUITests.xctest */ = {isa = PBXFileReference; explicitFileType = wrapper.cfbundle; includeInIndex = 0; path = StagingUITests.xctest; sourceTree = BUILT_PRODUCTS_DIR; };
		9FC749AB2795BC5C00BADF49 /* info.plist */ = {isa = PBXFileReference; lastKnownFileType = text.plist.xml; path = info.plist; sourceTree = "<group>"; };
/* End PBXFileReference section */

/* Begin PBXFrameworksBuildPhase section */
		9FBA609B2795B0D600B5A7D7 /* Frameworks */ = {
			isa = PBXFrameworksBuildPhase;
			buildActionMask = 2147483647;
			files = (
				9F07DEFB27965F2E00B8B10A /* MyApp in Frameworks */,
			);
			runOnlyForDeploymentPostprocessing = 0;
		};
		9FBA60AB2795B0D700B5A7D7 /* Frameworks */ = {
			isa = PBXFrameworksBuildPhase;
			buildActionMask = 2147483647;
			files = (
			);
			runOnlyForDeploymentPostprocessing = 0;
		};
		9FBA60B52795B0D700B5A7D7 /* Frameworks */ = {
			isa = PBXFrameworksBuildPhase;
			buildActionMask = 2147483647;
			files = (
			);
			runOnlyForDeploymentPostprocessing = 0;
		};
/* End PBXFrameworksBuildPhase section */

/* Begin PBXGroup section */
		9FBA60952795B0D600B5A7D7 = {
			isa = PBXGroup;
			children = (
				9FBA60A02795B0D600B5A7D7 /* iOS */,
				9FBA609F2795B0D600B5A7D7 /* Products */,
				9FC749A82795BAB800BADF49 /* Frameworks */,
			);
			sourceTree = "<group>";
		};
		9FBA609F2795B0D600B5A7D7 /* Products */ = {
			isa = PBXGroup;
			children = (
				9FBA609E2795B0D600B5A7D7 /* Staging.app */,
				9FBA60AE2795B0D700B5A7D7 /* StagingTests.xctest */,
				9FBA60B82795B0D700B5A7D7 /* StagingUITests.xctest */,
			);
			name = Products;
			sourceTree = "<group>";
		};
		9FBA60A02795B0D600B5A7D7 /* iOS */ = {
			isa = PBXGroup;
			children = (
				9F07DEF8279635FA00B8B10A /* GoogleService-Info.plist */,
				9FBA60A52795B0D700B5A7D7 /* Assets.xcassets */,
				9FC749AB2795BC5C00BADF49 /* info.plist */,
			);
			path = iOS;
			sourceTree = "<group>";
		};
		9FC749A82795BAB800BADF49 /* Frameworks */ = {
			isa = PBXGroup;
			children = (
			);
			name = Frameworks;
			sourceTree = "<group>";
		};
/* End PBXGroup section */

/* Begin PBXNativeTarget section */
		9FBA609D2795B0D600B5A7D7 /* Staging */ = {
			isa = PBXNativeTarget;
			buildConfigurationList = 9FBA60C22795B0D700B5A7D7 /* Build configuration list for PBXNativeTarget "Staging" */;
			buildPhases = (
				9FBA609A2795B0D600B5A7D7 /* Sources */,
				9FBA609B2795B0D600B5A7D7 /* Frameworks */,
				9FBA609C2795B0D600B5A7D7 /* Resources */,
				9F07DEF1279626C400B8B10A /* R.swift */,
			);
			buildRules = (
			);
			dependencies = (
			);
			name = Staging;
			packageProductDependencies = (
				9F07DEFA27965F2E00B8B10A /* MyApp */,
			);
			productName = Staging;
			productReference = 9FBA609E2795B0D600B5A7D7 /* Staging.app */;
			productType = "com.apple.product-type.application";
		};
		9FBA60AD2795B0D700B5A7D7 /* StagingTests */ = {
			isa = PBXNativeTarget;
			buildConfigurationList = 9FBA60C52795B0D700B5A7D7 /* Build configuration list for PBXNativeTarget "StagingTests" */;
			buildPhases = (
				9FBA60AA2795B0D700B5A7D7 /* Sources */,
				9FBA60AB2795B0D700B5A7D7 /* Frameworks */,
				9FBA60AC2795B0D700B5A7D7 /* Resources */,
			);
			buildRules = (
			);
			dependencies = (
				9FBA60B02795B0D700B5A7D7 /* PBXTargetDependency */,
			);
			name = StagingTests;
			productName = StagingTests;
			productReference = 9FBA60AE2795B0D700B5A7D7 /* StagingTests.xctest */;
			productType = "com.apple.product-type.bundle.unit-test";
		};
		9FBA60B72795B0D700B5A7D7 /* StagingUITests */ = {
			isa = PBXNativeTarget;
			buildConfigurationList = 9FBA60C82795B0D700B5A7D7 /* Build configuration list for PBXNativeTarget "StagingUITests" */;
			buildPhases = (
				9FBA60B42795B0D700B5A7D7 /* Sources */,
				9FBA60B52795B0D700B5A7D7 /* Frameworks */,
				9FBA60B62795B0D700B5A7D7 /* Resources */,
			);
			buildRules = (
			);
			dependencies = (
				9FBA60BA2795B0D700B5A7D7 /* PBXTargetDependency */,
			);
			name = StagingUITests;
			productName = StagingUITests;
			productReference = 9FBA60B82795B0D700B5A7D7 /* StagingUITests.xctest */;
			productType = "com.apple.product-type.bundle.ui-testing";
		};
/* End PBXNativeTarget section */

/* Begin PBXProject section */
		9FBA60962795B0D600B5A7D7 /* Project object */ = {
			isa = PBXProject;
			attributes = {
				BuildIndependentTargetsInParallel = 1;
				LastSwiftUpdateCheck = 1320;
				LastUpgradeCheck = 1320;
				TargetAttributes = {
					9FBA609D2795B0D600B5A7D7 = {
						CreatedOnToolsVersion = 13.2.1;
					};
					9FBA60AD2795B0D700B5A7D7 = {
						CreatedOnToolsVersion = 13.2.1;
						TestTargetID = 9FBA609D2795B0D600B5A7D7;
					};
					9FBA60B72795B0D700B5A7D7 = {
						CreatedOnToolsVersion = 13.2.1;
						TestTargetID = 9FBA609D2795B0D600B5A7D7;
					};
				};
			};
			buildConfigurationList = 9FBA60992795B0D600B5A7D7 /* Build configuration list for PBXProject "Staging" */;
			compatibilityVersion = "Xcode 13.0";
			developmentRegion = en;
			hasScannedForEncodings = 0;
			knownRegions = (
				en,
				Base,
			);
			mainGroup = 9FBA60952795B0D600B5A7D7;
			productRefGroup = 9FBA609F2795B0D600B5A7D7 /* Products */;
			projectDirPath = "";
			projectRoot = "";
			targets = (
				9FBA609D2795B0D600B5A7D7 /* Staging */,
				9FBA60AD2795B0D700B5A7D7 /* StagingTests */,
				9FBA60B72795B0D700B5A7D7 /* StagingUITests */,
			);
		};
/* End PBXProject section */

/* Begin PBXResourcesBuildPhase section */
		9FBA609C2795B0D600B5A7D7 /* Resources */ = {
			isa = PBXResourcesBuildPhase;
			buildActionMask = 2147483647;
			files = (
				9FBA60A62795B0D700B5A7D7 /* Assets.xcassets in Resources */,
				9F07DEF9279635FA00B8B10A /* GoogleService-Info.plist in Resources */,
			);
			runOnlyForDeploymentPostprocessing = 0;
		};
		9FBA60AC2795B0D700B5A7D7 /* Resources */ = {
			isa = PBXResourcesBuildPhase;
			buildActionMask = 2147483647;
			files = (
			);
			runOnlyForDeploymentPostprocessing = 0;
		};
		9FBA60B62795B0D700B5A7D7 /* Resources */ = {
			isa = PBXResourcesBuildPhase;
			buildActionMask = 2147483647;
			files = (
			);
			runOnlyForDeploymentPostprocessing = 0;
		};
/* End PBXResourcesBuildPhase section */

/* Begin PBXShellScriptBuildPhase section */
		9F07DEF1279626C400B8B10A /* R.swift */ = {
			isa = PBXShellScriptBuildPhase;
			buildActionMask = 2147483647;
			files = (
			);
			inputFileListPaths = (
			);
			inputPaths = (
			);
			name = R.swift;
			outputFileListPaths = (
			);
			outputPaths = (
			);
			runOnlyForDeploymentPostprocessing = 0;
			shellPath = /bin/sh;
			shellScript = "SDKROOT=macosx TARGET_NAME=Staging PRODUCT_BUNDLE_IDENTIFIER=ohtaki.Staging swift run --package-path \"$SRCROOT/../../BuildTools\" -c release rswift generate \"$SRCROOT/../../Sources/R.generated.swift\"\n";
		};
/* End PBXShellScriptBuildPhase section */

/* Begin PBXSourcesBuildPhase section */
		9FBA609A2795B0D600B5A7D7 /* Sources */ = {
			isa = PBXSourcesBuildPhase;
			buildActionMask = 2147483647;
			files = (
			);
			runOnlyForDeploymentPostprocessing = 0;
		};
		9FBA60AA2795B0D700B5A7D7 /* Sources */ = {
			isa = PBXSourcesBuildPhase;
			buildActionMask = 2147483647;
			files = (
			);
			runOnlyForDeploymentPostprocessing = 0;
		};
		9FBA60B42795B0D700B5A7D7 /* Sources */ = {
			isa = PBXSourcesBuildPhase;
			buildActionMask = 2147483647;
			files = (
			);
			runOnlyForDeploymentPostprocessing = 0;
		};
/* End PBXSourcesBuildPhase section */

/* Begin PBXTargetDependency section */
		9FBA60B02795B0D700B5A7D7 /* PBXTargetDependency */ = {
			isa = PBXTargetDependency;
			target = 9FBA609D2795B0D600B5A7D7 /* Staging */;
			targetProxy = 9FBA60AF2795B0D700B5A7D7 /* PBXContainerItemProxy */;
		};
		9FBA60BA2795B0D700B5A7D7 /* PBXTargetDependency */ = {
			isa = PBXTargetDependency;
			target = 9FBA609D2795B0D600B5A7D7 /* Staging */;
			targetProxy = 9FBA60B92795B0D700B5A7D7 /* PBXContainerItemProxy */;
		};
/* End PBXTargetDependency section */

/* Begin XCBuildConfiguration section */
		9FBA60C02795B0D700B5A7D7 /* Debug */ = {
			isa = XCBuildConfiguration;
			buildSettings = {
				ALWAYS_SEARCH_USER_PATHS = NO;
				CLANG_ANALYZER_NONNULL = YES;
				CLANG_ANALYZER_NUMBER_OBJECT_CONVERSION = YES_AGGRESSIVE;
				CLANG_CXX_LANGUAGE_STANDARD = "gnu++17";
				CLANG_CXX_LIBRARY = "libc++";
				CLANG_ENABLE_MODULES = YES;
				CLANG_ENABLE_OBJC_ARC = YES;
				CLANG_ENABLE_OBJC_WEAK = YES;
				CLANG_WARN_BLOCK_CAPTURE_AUTORELEASING = YES;
				CLANG_WARN_BOOL_CONVERSION = YES;
				CLANG_WARN_COMMA = YES;
				CLANG_WARN_CONSTANT_CONVERSION = YES;
				CLANG_WARN_DEPRECATED_OBJC_IMPLEMENTATIONS = YES;
				CLANG_WARN_DIRECT_OBJC_ISA_USAGE = YES_ERROR;
				CLANG_WARN_DOCUMENTATION_COMMENTS = YES;
				CLANG_WARN_EMPTY_BODY = YES;
				CLANG_WARN_ENUM_CONVERSION = YES;
				CLANG_WARN_INFINITE_RECURSION = YES;
				CLANG_WARN_INT_CONVERSION = YES;
				CLANG_WARN_NON_LITERAL_NULL_CONVERSION = YES;
				CLANG_WARN_OBJC_IMPLICIT_RETAIN_SELF = YES;
				CLANG_WARN_OBJC_LITERAL_CONVERSION = YES;
				CLANG_WARN_OBJC_ROOT_CLASS = YES_ERROR;
				CLANG_WARN_QUOTED_INCLUDE_IN_FRAMEWORK_HEADER = YES;
				CLANG_WARN_RANGE_LOOP_ANALYSIS = YES;
				CLANG_WARN_STRICT_PROTOTYPES = YES;
				CLANG_WARN_SUSPICIOUS_MOVE = YES;
				CLANG_WARN_UNGUARDED_AVAILABILITY = YES_AGGRESSIVE;
				CLANG_WARN_UNREACHABLE_CODE = YES;
				CLANG_WARN__DUPLICATE_METHOD_MATCH = YES;
				COPY_PHASE_STRIP = NO;
				DEBUG_INFORMATION_FORMAT = dwarf;
				DEVELOPMENT_ASSET_PATHS = "iOS/Preview Content";
				ENABLE_STRICT_OBJC_MSGSEND = YES;
				ENABLE_TESTABILITY = YES;
				GCC_C_LANGUAGE_STANDARD = gnu11;
				GCC_DYNAMIC_NO_PIC = NO;
				GCC_NO_COMMON_BLOCKS = YES;
				GCC_OPTIMIZATION_LEVEL = 0;
				GCC_PREPROCESSOR_DEFINITIONS = (
					"DEBUG=1",
					"$(inherited)",
				);
				GCC_WARN_64_TO_32_BIT_CONVERSION = YES;
				GCC_WARN_ABOUT_RETURN_TYPE = YES_ERROR;
				GCC_WARN_UNDECLARED_SELECTOR = YES;
				GCC_WARN_UNINITIALIZED_AUTOS = YES_AGGRESSIVE;
				GCC_WARN_UNUSED_FUNCTION = YES;
				GCC_WARN_UNUSED_VARIABLE = YES;
				INFOPLIST_FILE = iOS/Info.plist;
				IPHONEOS_DEPLOYMENT_TARGET = 15.0;
				MTL_ENABLE_DEBUG_INFO = INCLUDE_SOURCE;
				MTL_FAST_MATH = YES;
				ONLY_ACTIVE_ARCH = YES;
				SDKROOT = iphoneos;
				SWIFT_ACTIVE_COMPILATION_CONDITIONS = DEBUG;
				SWIFT_OPTIMIZATION_LEVEL = "-Onone";
			};
			name = Debug;
		};
		9FBA60C12795B0D700B5A7D7 /* Release */ = {
			isa = XCBuildConfiguration;
			buildSettings = {
				ALWAYS_SEARCH_USER_PATHS = NO;
				CLANG_ANALYZER_NONNULL = YES;
				CLANG_ANALYZER_NUMBER_OBJECT_CONVERSION = YES_AGGRESSIVE;
				CLANG_CXX_LANGUAGE_STANDARD = "gnu++17";
				CLANG_CXX_LIBRARY = "libc++";
				CLANG_ENABLE_MODULES = YES;
				CLANG_ENABLE_OBJC_ARC = YES;
				CLANG_ENABLE_OBJC_WEAK = YES;
				CLANG_WARN_BLOCK_CAPTURE_AUTORELEASING = YES;
				CLANG_WARN_BOOL_CONVERSION = YES;
				CLANG_WARN_COMMA = YES;
				CLANG_WARN_CONSTANT_CONVERSION = YES;
				CLANG_WARN_DEPRECATED_OBJC_IMPLEMENTATIONS = YES;
				CLANG_WARN_DIRECT_OBJC_ISA_USAGE = YES_ERROR;
				CLANG_WARN_DOCUMENTATION_COMMENTS = YES;
				CLANG_WARN_EMPTY_BODY = YES;
				CLANG_WARN_ENUM_CONVERSION = YES;
				CLANG_WARN_INFINITE_RECURSION = YES;
				CLANG_WARN_INT_CONVERSION = YES;
				CLANG_WARN_NON_LITERAL_NULL_CONVERSION = YES;
				CLANG_WARN_OBJC_IMPLICIT_RETAIN_SELF = YES;
				CLANG_WARN_OBJC_LITERAL_CONVERSION = YES;
				CLANG_WARN_OBJC_ROOT_CLASS = YES_ERROR;
				CLANG_WARN_QUOTED_INCLUDE_IN_FRAMEWORK_HEADER = YES;
				CLANG_WARN_RANGE_LOOP_ANALYSIS = YES;
				CLANG_WARN_STRICT_PROTOTYPES = YES;
				CLANG_WARN_SUSPICIOUS_MOVE = YES;
				CLANG_WARN_UNGUARDED_AVAILABILITY = YES_AGGRESSIVE;
				CLANG_WARN_UNREACHABLE_CODE = YES;
				CLANG_WARN__DUPLICATE_METHOD_MATCH = YES;
				COPY_PHASE_STRIP = NO;
				DEBUG_INFORMATION_FORMAT = "dwarf-with-dsym";
				DEVELOPMENT_ASSET_PATHS = "iOS/Preview Content";
				ENABLE_NS_ASSERTIONS = NO;
				ENABLE_STRICT_OBJC_MSGSEND = YES;
				GCC_C_LANGUAGE_STANDARD = gnu11;
				GCC_NO_COMMON_BLOCKS = YES;
				GCC_WARN_64_TO_32_BIT_CONVERSION = YES;
				GCC_WARN_ABOUT_RETURN_TYPE = YES_ERROR;
				GCC_WARN_UNDECLARED_SELECTOR = YES;
				GCC_WARN_UNINITIALIZED_AUTOS = YES_AGGRESSIVE;
				GCC_WARN_UNUSED_FUNCTION = YES;
				GCC_WARN_UNUSED_VARIABLE = YES;
				INFOPLIST_FILE = iOS/Info.plist;
				IPHONEOS_DEPLOYMENT_TARGET = 15.0;
				MTL_ENABLE_DEBUG_INFO = NO;
				MTL_FAST_MATH = YES;
				SDKROOT = iphoneos;
				SWIFT_COMPILATION_MODE = wholemodule;
				SWIFT_OPTIMIZATION_LEVEL = "-O";
				VALIDATE_PRODUCT = YES;
			};
			name = Release;
		};
		9FBA60C32795B0D700B5A7D7 /* Debug */ = {
			isa = XCBuildConfiguration;
			buildSettings = {
				ASSETCATALOG_COMPILER_APPICON_NAME = AppIcon;
				ASSETCATALOG_COMPILER_GLOBAL_ACCENT_COLOR_NAME = AccentColor;
				CODE_SIGN_STYLE = Automatic;
				CURRENT_PROJECT_VERSION = 1;
				DEVELOPMENT_ASSET_PATHS = "\"iOS/Preview Content\"";
				DEVELOPMENT_TEAM = YFYG54KA39;
				ENABLE_PREVIEWS = YES;
				GENERATE_INFOPLIST_FILE = YES;
				INFOPLIST_FILE = iOS/Info.plist;
				INFOPLIST_KEY_UIApplicationSceneManifest_Generation = YES;
				INFOPLIST_KEY_UIApplicationSupportsIndirectInputEvents = YES;
				INFOPLIST_KEY_UILaunchScreen_Generation = YES;
				INFOPLIST_KEY_UISupportedInterfaceOrientations_iPad = "UIInterfaceOrientationPortrait UIInterfaceOrientationPortraitUpsideDown UIInterfaceOrientationLandscapeLeft UIInterfaceOrientationLandscapeRight";
				INFOPLIST_KEY_UISupportedInterfaceOrientations_iPhone = "UIInterfaceOrientationPortrait UIInterfaceOrientationLandscapeLeft UIInterfaceOrientationLandscapeRight";
				LD_RUNPATH_SEARCH_PATHS = (
					"$(inherited)",
					"@executable_path/Frameworks",
				);
				MARKETING_VERSION = 1.0;
				PRODUCT_BUNDLE_IDENTIFIER = ohtaki.Staging;
				PRODUCT_NAME = "$(TARGET_NAME)";
				SWIFT_EMIT_LOC_STRINGS = YES;
				SWIFT_VERSION = 5.0;
				TARGETED_DEVICE_FAMILY = "1,2";
			};
			name = Debug;
		};
		9FBA60C42795B0D700B5A7D7 /* Release */ = {
			isa = XCBuildConfiguration;
			buildSettings = {
				ASSETCATALOG_COMPILER_APPICON_NAME = AppIcon;
				ASSETCATALOG_COMPILER_GLOBAL_ACCENT_COLOR_NAME = AccentColor;
				CODE_SIGN_STYLE = Automatic;
				CURRENT_PROJECT_VERSION = 1;
				DEVELOPMENT_ASSET_PATHS = "\"iOS/Preview Content\"";
				DEVELOPMENT_TEAM = YFYG54KA39;
				ENABLE_PREVIEWS = YES;
				GENERATE_INFOPLIST_FILE = YES;
				INFOPLIST_FILE = iOS/Info.plist;
				INFOPLIST_KEY_UIApplicationSceneManifest_Generation = YES;
				INFOPLIST_KEY_UIApplicationSupportsIndirectInputEvents = YES;
				INFOPLIST_KEY_UILaunchScreen_Generation = YES;
				INFOPLIST_KEY_UISupportedInterfaceOrientations_iPad = "UIInterfaceOrientationPortrait UIInterfaceOrientationPortraitUpsideDown UIInterfaceOrientationLandscapeLeft UIInterfaceOrientationLandscapeRight";
				INFOPLIST_KEY_UISupportedInterfaceOrientations_iPhone = "UIInterfaceOrientationPortrait UIInterfaceOrientationLandscapeLeft UIInterfaceOrientationLandscapeRight";
				LD_RUNPATH_SEARCH_PATHS = (
					"$(inherited)",
					"@executable_path/Frameworks",
				);
				MARKETING_VERSION = 1.0;
				PRODUCT_BUNDLE_IDENTIFIER = ohtaki.Staging;
				PRODUCT_NAME = "$(TARGET_NAME)";
				SWIFT_EMIT_LOC_STRINGS = YES;
				SWIFT_VERSION = 5.0;
				TARGETED_DEVICE_FAMILY = "1,2";
			};
			name = Release;
		};
		9FBA60C62795B0D700B5A7D7 /* Debug */ = {
			isa = XCBuildConfiguration;
			buildSettings = {
				BUNDLE_LOADER = "$(TEST_HOST)";
				CODE_SIGN_STYLE = Automatic;
				CURRENT_PROJECT_VERSION = 1;
				DEVELOPMENT_TEAM = YFYG54KA39;
				GENERATE_INFOPLIST_FILE = YES;
				IPHONEOS_DEPLOYMENT_TARGET = 15.2;
				MARKETING_VERSION = 1.0;
				PRODUCT_BUNDLE_IDENTIFIER = ohtaki.StagingTests;
				PRODUCT_NAME = "$(TARGET_NAME)";
				SWIFT_EMIT_LOC_STRINGS = NO;
				SWIFT_VERSION = 5.0;
				TARGETED_DEVICE_FAMILY = "1,2";
				TEST_HOST = "$(BUILT_PRODUCTS_DIR)/Staging.app/Staging";
			};
			name = Debug;
		};
		9FBA60C72795B0D700B5A7D7 /* Release */ = {
			isa = XCBuildConfiguration;
			buildSettings = {
				BUNDLE_LOADER = "$(TEST_HOST)";
				CODE_SIGN_STYLE = Automatic;
				CURRENT_PROJECT_VERSION = 1;
				DEVELOPMENT_TEAM = YFYG54KA39;
				GENERATE_INFOPLIST_FILE = YES;
				IPHONEOS_DEPLOYMENT_TARGET = 15.2;
				MARKETING_VERSION = 1.0;
				PRODUCT_BUNDLE_IDENTIFIER = ohtaki.StagingTests;
				PRODUCT_NAME = "$(TARGET_NAME)";
				SWIFT_EMIT_LOC_STRINGS = NO;
				SWIFT_VERSION = 5.0;
				TARGETED_DEVICE_FAMILY = "1,2";
				TEST_HOST = "$(BUILT_PRODUCTS_DIR)/Staging.app/Staging";
			};
			name = Release;
		};
		9FBA60C92795B0D700B5A7D7 /* Debug */ = {
			isa = XCBuildConfiguration;
			buildSettings = {
				CODE_SIGN_STYLE = Automatic;
				CURRENT_PROJECT_VERSION = 1;
				DEVELOPMENT_TEAM = YFYG54KA39;
				GENERATE_INFOPLIST_FILE = YES;
				MARKETING_VERSION = 1.0;
				PRODUCT_BUNDLE_IDENTIFIER = ohtaki.StagingUITests;
				PRODUCT_NAME = "$(TARGET_NAME)";
				SWIFT_EMIT_LOC_STRINGS = NO;
				SWIFT_VERSION = 5.0;
				TARGETED_DEVICE_FAMILY = "1,2";
				TEST_TARGET_NAME = Staging;
			};
			name = Debug;
		};
		9FBA60CA2795B0D700B5A7D7 /* Release */ = {
			isa = XCBuildConfiguration;
			buildSettings = {
				CODE_SIGN_STYLE = Automatic;
				CURRENT_PROJECT_VERSION = 1;
				DEVELOPMENT_TEAM = YFYG54KA39;
				GENERATE_INFOPLIST_FILE = YES;
				MARKETING_VERSION = 1.0;
				PRODUCT_BUNDLE_IDENTIFIER = ohtaki.StagingUITests;
				PRODUCT_NAME = "$(TARGET_NAME)";
				SWIFT_EMIT_LOC_STRINGS = NO;
				SWIFT_VERSION = 5.0;
				TARGETED_DEVICE_FAMILY = "1,2";
				TEST_TARGET_NAME = Staging;
			};
			name = Release;
		};
/* End XCBuildConfiguration section */

/* Begin XCConfigurationList section */
		9FBA60992795B0D600B5A7D7 /* Build configuration list for PBXProject "Staging" */ = {
			isa = XCConfigurationList;
			buildConfigurations = (
				9FBA60C02795B0D700B5A7D7 /* Debug */,
				9FBA60C12795B0D700B5A7D7 /* Release */,
			);
			defaultConfigurationIsVisible = 0;
			defaultConfigurationName = Release;
		};
		9FBA60C22795B0D700B5A7D7 /* Build configuration list for PBXNativeTarget "Staging" */ = {
			isa = XCConfigurationList;
			buildConfigurations = (
				9FBA60C32795B0D700B5A7D7 /* Debug */,
				9FBA60C42795B0D700B5A7D7 /* Release */,
			);
			defaultConfigurationIsVisible = 0;
			defaultConfigurationName = Release;
		};
		9FBA60C52795B0D700B5A7D7 /* Build configuration list for PBXNativeTarget "StagingTests" */ = {
			isa = XCConfigurationList;
			buildConfigurations = (
				9FBA60C62795B0D700B5A7D7 /* Debug */,
				9FBA60C72795B0D700B5A7D7 /* Release */,
			);
			defaultConfigurationIsVisible = 0;
			defaultConfigurationName = Release;
		};
		9FBA60C82795B0D700B5A7D7 /* Build configuration list for PBXNativeTarget "StagingUITests" */ = {
			isa = XCConfigurationList;
			buildConfigurations = (
				9FBA60C92795B0D700B5A7D7 /* Debug */,
				9FBA60CA2795B0D700B5A7D7 /* Release */,
			);
			defaultConfigurationIsVisible = 0;
			defaultConfigurationName = Release;
		};
/* End XCConfigurationList section */

/* Begin XCSwiftPackageProductDependency section */
		9F07DEFA27965F2E00B8B10A /* MyApp */ = {
			isa = XCSwiftPackageProductDependency;
			productName = MyApp;
		};
/* End XCSwiftPackageProductDependency section */
	};
	rootObject = 9FBA60962795B0D600B5A7D7 /* Project object */;
}
